
Microsoft Visual Studio Solution File, Format Version 12.00
# Visual Studio Version 17
VisualStudioVersion = 17.5.33516.290
MinimumVisualStudioVersion = 10.0.40219.1
Project("{FAE04EC0-301F-11D3-BF4B-00C04F79EFBC}") = "FRBackend", "FRBackend\FRBackend.csproj", "{D7B07193-59C2-4918-A038-2D16DA640D82}"
EndProject
Global
	GlobalSection(SolutionConfigurationPlatforms) = preSolution
		Debug|Any CPU = Debug|Any CPU
		Release|Any CPU = Release|Any CPU
	EndGlobalSection
	GlobalSection(ProjectConfigurationPlatforms) = postSolution
		{D7B07193-59C2-4918-A038-2D16DA640D82}.Debug|Any CPU.ActiveCfg = Debug|Any CPU
		{D7B07193-59C2-4918-A038-2D16DA640D82}.Debug|Any CPU.Build.0 = Debug|Any CPU
		{D7B07193-59C2-4918-A038-2D16DA640D82}.Release|Any CPU.ActiveCfg = Release|Any CPU
		{D7B07193-59C2-4918-A038-2D16DA640D82}.Release|Any CPU.Build.0 = Release|Any CPU
	EndGlobalSection
	GlobalSection(SolutionProperties) = preSolution
		HideSolutionNode = FALSE
	EndGlobalSection
	GlobalSection(ExtensibilityGlobals) = postSolution
		SolutionGuid = {5F5321C6-75EB-40CF-B90C-8B5ADE89EAFF}
	EndGlobalSection
EndGlobal
